<?xml version="1.0" encoding="utf-8"?>
<Project ToolsVersion="4.0" xmlns="http://schemas.microsoft.com/developer/msbuild/2003">
  <ItemGroup>
    <Filter Include="Form Files">
      <UniqueIdentifier>{99349809-55BA-4b9d-BF79-8FDBB0286EB3}</UniqueIdentifier>
      <Extensions>ui</Extensions>
    </Filter>
    <Filter Include="Resource Files">
      <UniqueIdentifier>{D9D6E242-F8AF-46E4-B9FD-80ECBC20BA3E}</UniqueIdentifier>
      <Extensions>qrc;*</Extensions>
      <ParseFiles>false</ParseFiles>
    </Filter>
    <Filter Include="Generated Files">
      <UniqueIdentifier>{71ED8ED8-ACB9-4CE9-BBE1-E00B30144E11}</UniqueIdentifier>
      <Extensions>moc;h;cpp</Extensions>
      <SourceControlFiles>False</SourceControlFiles>
    </Filter>
    <Filter Include="Generated Files\Debug">
      <UniqueIdentifier>{66e7bec6-c215-42d7-b05c-b476c23f581c}</UniqueIdentifier>
      <Extensions>cpp;moc</Extensions>
      <SourceControlFiles>False</SourceControlFiles>
    </Filter>
    <Filter Include="Generated Files\Release">
      <UniqueIdentifier>{5f667ac5-102b-474f-ad60-37260764bace}</UniqueIdentifier>
      <Extensions>cpp;moc</Extensions>
      <SourceControlFiles>False</SourceControlFiles>
    </Filter>
    <Filter Include="Files">
      <UniqueIdentifier>{93995380-89BD-4b04-88EB-625FBE52EBFB}</UniqueIdentifier>
      <Extensions>h</Extensions>
    </Filter>
    <Filter Include="Files\common">
      <UniqueIdentifier>{3c6e647f-0553-4315-9733-f02a5bdac51f}</UniqueIdentifier>
    </Filter>
    <Filter Include="Files\road">
      <UniqueIdentifier>{54776e95-683f-4656-b376-49b13a1a6e28}</UniqueIdentifier>
    </Filter>
    <Filter Include="Files\road\feature">
      <UniqueIdentifier>{89bf8cbb-8c6b-43f0-aab6-0fdb09818e11}</UniqueIdentifier>
    </Filter>
    <Filter Include="Files\util">
      <UniqueIdentifier>{aa00e94e-ed06-4ee8-981c-b72802a4bd9b}</UniqueIdentifier>
    </Filter>
    <Filter Include="Files\render">
      <UniqueIdentifier>{8be6284f-ef97-433d-9417-9c032c6378b7}</UniqueIdentifier>
    </Filter>
  </ItemGroup>
  <ItemGroup>
    <ClCompile Include="GeneratedFiles\Debug\moc_MainWindow.cpp">
      <Filter>Generated Files\Debug</Filter>
    </ClCompile>
    <ClCompile Include="GeneratedFiles\Release\moc_MainWindow.cpp">
      <Filter>Generated Files\Release</Filter>
    </ClCompile>
    <ClCompile Include="GeneratedFiles\qrc_MainWindow.cpp">
      <Filter>Generated Files</Filter>
    </ClCompile>
    <ClCompile Include="GeneratedFiles\Debug\moc_ControlWidget.cpp">
      <Filter>Generated Files\Debug</Filter>
    </ClCompile>
    <ClCompile Include="GeneratedFiles\Release\moc_ControlWidget.cpp">
      <Filter>Generated Files\Release</Filter>
    </ClCompile>
    <ClCompile Include="Camera.cpp">
      <Filter>Files</Filter>
    </ClCompile>
    <ClCompile Include="ControlWidget.cpp">
      <Filter>Files</Filter>
    </ClCompile>
    <ClCompile Include="GLWidget.cpp">
      <Filter>Files</Filter>
    </ClCompile>
    <ClCompile Include="main.cpp">
      <Filter>Files</Filter>
    </ClCompile>
    <ClCompile Include="MainWindow.cpp">
      <Filter>Files</Filter>
    </ClCompile>
    <ClCompile Include="util\PolygonBuilder.cpp">
      <Filter>Files\util</Filter>
    </ClCompile>
    <ClCompile Include="util\PolylineBuilder.cpp">
      <Filter>Files\util</Filter>
    </ClCompile>
    <ClCompile Include="common\BBox.cpp">
      <Filter>Files\common</Filter>
    </ClCompile>
    <ClCompile Include="common\ColorTable.cpp">
      <Filter>Files\common</Filter>
    </ClCompile>
    <ClCompile Include="common\ConvexHull.cpp">
      <Filter>Files\common</Filter>
    </ClCompile>
    <ClCompile Include="common\ElevationColorTable.cpp">
      <Filter>Files\common</Filter>
    </ClCompile>
    <ClCompile Include="common\global.cpp">
      <Filter>Files\common</Filter>
    </ClCompile>
    <ClCompile Include="common\Polygon2D.cpp">
      <Filter>Files\common</Filter>
    </ClCompile>
    <ClCompile Include="common\Polygon3D.cpp">
      <Filter>Files\common</Filter>
    </ClCompile>
    <ClCompile Include="common\Polyline2D.cpp">
      <Filter>Files\common</Filter>
    </ClCompile>
    <ClCompile Include="common\Polyline3D.cpp">
      <Filter>Files\common</Filter>
    </ClCompile>
    <ClCompile Include="common\Util.cpp">
      <Filter>Files\common</Filter>
    </ClCompile>
    <ClCompile Include="road\GraphUtil.cpp">
      <Filter>Files\road</Filter>
    </ClCompile>
    <ClCompile Include="road\RoadEdge.cpp">
      <Filter>Files\road</Filter>
    </ClCompile>
    <ClCompile Include="road\RoadGraph.cpp">
      <Filter>Files\road</Filter>
    </ClCompile>
    <ClCompile Include="road\RoadVertex.cpp">
      <Filter>Files\road</Filter>
    </ClCompile>
    <ClCompile Include="road\feature\ExFeature.cpp">
      <Filter>Files\road\feature</Filter>
    </ClCompile>
    <ClCompile Include="road\feature\ExFeatureExtractor.cpp">
      <Filter>Files\road\feature</Filter>
    </ClCompile>
    <ClCompile Include="road\feature\ExFeatureItem.cpp">
      <Filter>Files\road\feature</Filter>
    </ClCompile>
    <ClCompile Include="road\feature\ExFeatureItemEdge.cpp">
      <Filter>Files\road\feature</Filter>
    </ClCompile>
    <ClCompile Include="render\GeometryObject.cpp">
      <Filter>Files\render</Filter>
    </ClCompile>
    <ClCompile Include="render\Noncopyable.cpp">
      <Filter>Files\render</Filter>
    </ClCompile>
    <ClCompile Include="render\Renderable.cpp">
      <Filter>Files\render</Filter>
    </ClCompile>
    <ClCompile Include="render\RenderableCircleList.cpp">
      <Filter>Files\render</Filter>
    </ClCompile>
    <ClCompile Include="render\RenderableCylinderList.cpp">
      <Filter>Files\render</Filter>
    </ClCompile>
    <ClCompile Include="render\RenderableQuadList.cpp">
      <Filter>Files\render</Filter>
    </ClCompile>
    <ClCompile Include="render\RendererHelper.cpp">
      <Filter>Files\render</Filter>
    </ClCompile>
    <ClCompile Include="render\Terrain.cpp">
      <Filter>Files\render</Filter>
    </ClCompile>
    <ClCompile Include="render\TerrainCell.cpp">
      <Filter>Files\render</Filter>
    </ClCompile>
    <ClCompile Include="render\Texture.cpp">
      <Filter>Files\render</Filter>
    </ClCompile>
    <ClCompile Include="render\TextureManager.cpp">
      <Filter>Files\render</Filter>
    </ClCompile>
  </ItemGroup>
  <ItemGroup>
    <CustomBuild Include="MainWindow.h">
      <Filter>Files</Filter>
    </CustomBuild>
    <CustomBuild Include="MainWindow.ui">
      <Filter>Form Files</Filter>
    </CustomBuild>
    <CustomBuild Include="MainWindow.qrc">
      <Filter>Resource Files</Filter>
    </CustomBuild>
    <CustomBuild Include="ControlWidget.h">
      <Filter>Files</Filter>
    </CustomBuild>
    <CustomBuild Include="ControlWidget.ui">
      <Filter>Form Files</Filter>
    </CustomBuild>
  </ItemGroup>
  <ItemGroup>
    <ClInclude Include="GeneratedFiles\ui_MainWindow.h">
      <Filter>Generated Files</Filter>
    </ClInclude>
    <ClInclude Include="Camera.h">
      <Filter>Files</Filter>
    </ClInclude>
    <ClInclude Include="GLWidget.h">
      <Filter>Files</Filter>
    </ClInclude>
    <ClInclude Include="GeneratedFiles\ui_ControlWidget.h">
      <Filter>Generated Files</Filter>
    </ClInclude>
    <ClInclude Include="util\PolygonBuilder.h">
      <Filter>Files\util</Filter>
    </ClInclude>
    <ClInclude Include="util\PolylineBuilder.h">
      <Filter>Files\util</Filter>
    </ClInclude>
    <ClInclude Include="common\BBox.h">
      <Filter>Files\common</Filter>
    </ClInclude>
    <ClInclude Include="common\ColorTable.h">
      <Filter>Files\common</Filter>
    </ClInclude>
    <ClInclude Include="common\common.h">
      <Filter>Files\common</Filter>
    </ClInclude>
    <ClInclude Include="common\ConvexHull.h">
      <Filter>Files\common</Filter>
    </ClInclude>
    <ClInclude Include="common\ElevationColorTable.h">
      <Filter>Files\common</Filter>
    </ClInclude>
    <ClInclude Include="common\global.h">
      <Filter>Files\common</Filter>
    </ClInclude>
    <ClInclude Include="common\Polygon2D.h">
      <Filter>Files\common</Filter>
    </ClInclude>
    <ClInclude Include="common\Polygon3D.h">
      <Filter>Files\common</Filter>
    </ClInclude>
    <ClInclude Include="common\Polyline2D.h">
      <Filter>Files\common</Filter>
    </ClInclude>
    <ClInclude Include="common\Polyline3D.h">
      <Filter>Files\common</Filter>
    </ClInclude>
    <ClInclude Include="common\Util.h">
      <Filter>Files\common</Filter>
    </ClInclude>
    <ClInclude Include="road\GraphUtil.h">
      <Filter>Files\road</Filter>
    </ClInclude>
    <ClInclude Include="road\RoadEdge.h">
      <Filter>Files\road</Filter>
    </ClInclude>
    <ClInclude Include="road\RoadGraph.h">
      <Filter>Files\road</Filter>
    </ClInclude>
    <ClInclude Include="road\RoadVertex.h">
      <Filter>Files\road</Filter>
    </ClInclude>
    <ClInclude Include="road\feature\ExFeature.h">
      <Filter>Files\road\feature</Filter>
    </ClInclude>
    <ClInclude Include="road\feature\ExFeatureExtractor.h">
      <Filter>Files\road\feature</Filter>
    </ClInclude>
    <ClInclude Include="road\feature\ExFeatureItem.h">
      <Filter>Files\road\feature</Filter>
    </ClInclude>
    <ClInclude Include="road\feature\ExFeatureItemEdge.h">
      <Filter>Files\road\feature</Filter>
    </ClInclude>
    <ClInclude Include="render\GeometryObject.h">
      <Filter>Files\render</Filter>
    </ClInclude>
    <ClInclude Include="render\Noncopyable.h">
      <Filter>Files\render</Filter>
    </ClInclude>
    <ClInclude Include="render\Renderable.h">
      <Filter>Files\render</Filter>
    </ClInclude>
    <ClInclude Include="render\RenderableCircleList.h">
      <Filter>Files\render</Filter>
    </ClInclude>
    <ClInclude Include="render\RenderableCylinderList.h">
      <Filter>Files\render</Filter>
    </ClInclude>
    <ClInclude Include="render\RenderableQuadList.h">
      <Filter>Files\render</Filter>
    </ClInclude>
    <ClInclude Include="render\RendererHelper.h">
      <Filter>Files\render</Filter>
    </ClInclude>
    <ClInclude Include="render\Terrain.h">
      <Filter>Files\render</Filter>
    </ClInclude>
    <ClInclude Include="render\TerrainCell.h">
      <Filter>Files\render</Filter>
    </ClInclude>
    <ClInclude Include="render\Texture.h">
      <Filter>Files\render</Filter>
    </ClInclude>
    <ClInclude Include="render\TextureManager.h">
      <Filter>Files\render</Filter>
    </ClInclude>
  </ItemGroup>
</Project>