<?xml version="1.0" encoding="utf-8"?>
<Project ToolsVersion="4.0" xmlns="http://schemas.microsoft.com/developer/msbuild/2003">
  <ItemGroup>
    <Filter Include="Form Files">
      <UniqueIdentifier>{99349809-55BA-4b9d-BF79-8FDBB0286EB3}</UniqueIdentifier>
      <Extensions>ui</Extensions>
    </Filter>
    <Filter Include="Resource Files">
      <UniqueIdentifier>{D9D6E242-F8AF-46E4-B9FD-80ECBC20BA3E}</UniqueIdentifier>
      <Extensions>qrc;*</Extensions>
      <ParseFiles>false</ParseFiles>
    </Filter>
    <Filter Include="Generated Files">
      <UniqueIdentifier>{71ED8ED8-ACB9-4CE9-BBE1-E00B30144E11}</UniqueIdentifier>
      <Extensions>moc;h;cpp</Extensions>
      <SourceControlFiles>False</SourceControlFiles>
    </Filter>
    <Filter Include="Generated Files\Debug">
      <UniqueIdentifier>{4a63ca79-3cd4-4eb8-b07e-c21f3da1de93}</UniqueIdentifier>
      <Extensions>cpp;moc</Extensions>
      <SourceControlFiles>False</SourceControlFiles>
    </Filter>
    <Filter Include="Generated Files\Release">
      <UniqueIdentifier>{e8767c72-b359-464f-ab85-46a5d46ddbe5}</UniqueIdentifier>
      <Extensions>cpp;moc</Extensions>
      <SourceControlFiles>False</SourceControlFiles>
    </Filter>
    <Filter Include="render">
      <UniqueIdentifier>{aebcea57-bebf-40c6-ad5d-faf9d8a21739}</UniqueIdentifier>
    </Filter>
    <Filter Include="render PM">
      <UniqueIdentifier>{0c679474-b313-45cf-8352-882a78a96147}</UniqueIdentifier>
    </Filter>
    <Filter Include="Files">
      <UniqueIdentifier>{4FC737F1-C7A5-4376-A066-2A32D752A2FF}</UniqueIdentifier>
      <Extensions>cpp;cxx;c;def</Extensions>
    </Filter>
    <Filter Include="render PM\Geometry">
      <UniqueIdentifier>{f1f7f165-33a1-47b1-944a-ebc875e7b8c7}</UniqueIdentifier>
    </Filter>
    <Filter Include="render PM\PM">
      <UniqueIdentifier>{4fd204ed-0ee3-4c73-b1cb-e1223cf600d8}</UniqueIdentifier>
    </Filter>
    <Filter Include="road generator">
      <UniqueIdentifier>{d6c9abeb-58e0-4010-88d5-12dc283827de}</UniqueIdentifier>
    </Filter>
  </ItemGroup>
  <ItemGroup>
    <ClCompile Include="main.cpp">
      <Filter>Files</Filter>
    </ClCompile>
    <ClCompile Include="MainWindow.cpp">
      <Filter>Files</Filter>
    </ClCompile>
    <ClCompile Include="GeneratedFiles\Debug\moc_MainWindow.cpp">
      <Filter>Generated Files\Debug</Filter>
    </ClCompile>
    <ClCompile Include="GeneratedFiles\Release\moc_MainWindow.cpp">
      <Filter>Generated Files\Release</Filter>
    </ClCompile>
    <ClCompile Include="GeneratedFiles\qrc_MainWindow.cpp">
      <Filter>Generated Files</Filter>
    </ClCompile>
    <ClCompile Include="ControlWidget.cpp">
      <Filter>Files</Filter>
    </ClCompile>
    <ClCompile Include="GraphUtil.cpp">
      <Filter>Files</Filter>
    </ClCompile>
    <ClCompile Include="RoadEdge.cpp">
      <Filter>Files</Filter>
    </ClCompile>
    <ClCompile Include="RoadGraph.cpp">
      <Filter>Files</Filter>
    </ClCompile>
    <ClCompile Include="RoadVertex.cpp">
      <Filter>Files</Filter>
    </ClCompile>
    <ClCompile Include="BBox.cpp">
      <Filter>Files</Filter>
    </ClCompile>
    <ClCompile Include="Util.cpp">
      <Filter>Files</Filter>
    </ClCompile>
    <ClCompile Include="Polygon2D.cpp">
      <Filter>Files</Filter>
    </ClCompile>
    <ClCompile Include="Polyline2D.cpp">
      <Filter>Files</Filter>
    </ClCompile>
    <ClCompile Include="PropertyWidget.cpp">
      <Filter>Files</Filter>
    </ClCompile>
    <ClCompile Include="GeneratedFiles\Debug\moc_PropertyWidget.cpp">
      <Filter>Generated Files\Debug</Filter>
    </ClCompile>
    <ClCompile Include="GeneratedFiles\Release\moc_PropertyWidget.cpp">
      <Filter>Generated Files\Release</Filter>
    </ClCompile>
    <ClCompile Include="GLWidget3D.cpp">
      <Filter>Files</Filter>
    </ClCompile>
    <ClCompile Include="global.cpp">
      <Filter>Files</Filter>
    </ClCompile>
    <ClCompile Include="VBORenderManager.cpp">
      <Filter>render</Filter>
    </ClCompile>
    <ClCompile Include="VBOShader.cpp">
      <Filter>render</Filter>
    </ClCompile>
    <ClCompile Include="VBOUtil.cpp">
      <Filter>render</Filter>
    </ClCompile>
    <ClCompile Include="GeneratedFiles\Release\moc_ControlWidget.cpp">
      <Filter>Generated Files\Release</Filter>
    </ClCompile>
    <ClCompile Include="UrbanGeometry.cpp">
      <Filter>Files</Filter>
    </ClCompile>
    <ClCompile Include="Histogram.cpp">
      <Filter>Files</Filter>
    </ClCompile>
    <ClCompile Include="Polyline3D.cpp">
      <Filter>Files</Filter>
    </ClCompile>
    <ClCompile Include="RoadArea.cpp">
      <Filter>Files</Filter>
    </ClCompile>
    <ClCompile Include="RoadAreaSet.cpp">
      <Filter>Files</Filter>
    </ClCompile>
    <ClCompile Include="PolygonBuilder.cpp">
      <Filter>Files</Filter>
    </ClCompile>
    <ClCompile Include="PolylineBuilder.cpp">
      <Filter>Files</Filter>
    </ClCompile>
    <ClCompile Include="Polygon3D.cpp">
      <Filter>Files</Filter>
    </ClCompile>
    <ClCompile Include="RendererHelper.cpp">
      <Filter>render</Filter>
    </ClCompile>
    <ClCompile Include="VBOGeoBuilding.cpp">
      <Filter>render PM</Filter>
    </ClCompile>
    <ClCompile Include="VBOPlaceType.cpp">
      <Filter>render PM</Filter>
    </ClCompile>
    <ClCompile Include="VBOBlock.cpp">
      <Filter>render PM\Geometry</Filter>
    </ClCompile>
    <ClCompile Include="VBOParcel.cpp">
      <Filter>render PM\Geometry</Filter>
    </ClCompile>
    <ClCompile Include="VBOPm.cpp">
      <Filter>render PM\PM</Filter>
    </ClCompile>
    <ClCompile Include="VBOPmBlocks.cpp">
      <Filter>render PM\PM</Filter>
    </ClCompile>
    <ClCompile Include="VBOPmBuildings.cpp">
      <Filter>render PM\PM</Filter>
    </ClCompile>
    <ClCompile Include="VBOPmParcels.cpp">
      <Filter>render PM\PM</Filter>
    </ClCompile>
    <ClCompile Include="VBORoadGraph.cpp">
      <Filter>render</Filter>
    </ClCompile>
    <ClCompile Include="ExFeature.cpp">
      <Filter>road generator</Filter>
    </ClCompile>
    <ClCompile Include="IntRoadGenerator.cpp">
      <Filter>road generator</Filter>
    </ClCompile>
    <ClCompile Include="MultiExRoadGenerator.cpp">
      <Filter>road generator</Filter>
    </ClCompile>
    <ClCompile Include="MultiIntExRoadGenerator.cpp">
      <Filter>road generator</Filter>
    </ClCompile>
    <ClCompile Include="SmoothWarpRoadGenerator.cpp">
      <Filter>road generator</Filter>
    </ClCompile>
    <ClCompile Include="VerySmoothWarpRoadGenerator.cpp">
      <Filter>road generator</Filter>
    </ClCompile>
    <ClCompile Include="WarpRoadGenerator.cpp">
      <Filter>road generator</Filter>
    </ClCompile>
    <ClCompile Include="ConvexHull.cpp">
      <Filter>Files</Filter>
    </ClCompile>
    <ClCompile Include="TopNSearch.cpp">
      <Filter>Files</Filter>
    </ClCompile>
    <ClCompile Include="TensorField.cpp">
      <Filter>Files</Filter>
    </ClCompile>
    <ClCompile Include="RoadGeneratorHelper.cpp">
      <Filter>road generator</Filter>
    </ClCompile>
  </ItemGroup>
  <ItemGroup>
    <CustomBuild Include="MainWindow.ui">
      <Filter>Form Files</Filter>
    </CustomBuild>
    <CustomBuild Include="MainWindow.qrc">
      <Filter>Resource Files</Filter>
    </CustomBuild>
    <CustomBuild Include="ControlWidget.ui">
      <Filter>Form Files</Filter>
    </CustomBuild>
    <CustomBuild Include="ControlWidget.h">
      <Filter>Files</Filter>
    </CustomBuild>
    <CustomBuild Include="MainWindow.h">
      <Filter>Files</Filter>
    </CustomBuild>
    <CustomBuild Include="PropertyWidget.ui">
      <Filter>Form Files</Filter>
    </CustomBuild>
    <CustomBuild Include="PropertyWidget.h">
      <Filter>Files</Filter>
    </CustomBuild>
  </ItemGroup>
  <ItemGroup>
    <ClInclude Include="GeneratedFiles\ui_MainWindow.h">
      <Filter>Generated Files</Filter>
    </ClInclude>
    <ClInclude Include="GraphUtil.h">
      <Filter>Files</Filter>
    </ClInclude>
    <ClInclude Include="RoadEdge.h">
      <Filter>Files</Filter>
    </ClInclude>
    <ClInclude Include="RoadGraph.h">
      <Filter>Files</Filter>
    </ClInclude>
    <ClInclude Include="RoadVertex.h">
      <Filter>Files</Filter>
    </ClInclude>
    <ClInclude Include="BBox.h">
      <Filter>Files</Filter>
    </ClInclude>
    <ClInclude Include="Util.h">
      <Filter>Files</Filter>
    </ClInclude>
    <ClInclude Include="Polygon2D.h">
      <Filter>Files</Filter>
    </ClInclude>
    <ClInclude Include="Polyline2D.h">
      <Filter>Files</Filter>
    </ClInclude>
    <ClInclude Include="GeneratedFiles\ui_PropertyWidget.h">
      <Filter>Generated Files</Filter>
    </ClInclude>
    <ClInclude Include="GLWidget3D.h">
      <Filter>Files</Filter>
    </ClInclude>
    <ClInclude Include="Camera.h">
      <Filter>Files</Filter>
    </ClInclude>
    <ClInclude Include="Camera3D.h">
      <Filter>Files</Filter>
    </ClInclude>
    <ClInclude Include="global.h">
      <Filter>Files</Filter>
    </ClInclude>
    <ClInclude Include="VBOUtil.h">
      <Filter>render</Filter>
    </ClInclude>
    <ClInclude Include="VBORenderManager.h">
      <Filter>render</Filter>
    </ClInclude>
    <ClInclude Include="VBOShader.h">
      <Filter>render</Filter>
    </ClInclude>
    <ClInclude Include="GeneratedFiles\ui_ControlWidget.h">
      <Filter>Generated Files</Filter>
    </ClInclude>
    <ClInclude Include="UrbanGeometry.h">
      <Filter>Files</Filter>
    </ClInclude>
    <ClInclude Include="Histogram.h">
      <Filter>Files</Filter>
    </ClInclude>
    <ClInclude Include="Polyline3D.h">
      <Filter>Files</Filter>
    </ClInclude>
    <ClInclude Include="RoadArea.h">
      <Filter>Files</Filter>
    </ClInclude>
    <ClInclude Include="RoadAreaSet.h">
      <Filter>Files</Filter>
    </ClInclude>
    <ClInclude Include="PolygonBuilder.h">
      <Filter>Files</Filter>
    </ClInclude>
    <ClInclude Include="PolylineBuilder.h">
      <Filter>Files</Filter>
    </ClInclude>
    <ClInclude Include="Polygon3D.h">
      <Filter>Files</Filter>
    </ClInclude>
    <ClInclude Include="RendererHelper.h">
      <Filter>render</Filter>
    </ClInclude>
    <ClInclude Include="VBOGeoBuilding.h">
      <Filter>render PM</Filter>
    </ClInclude>
    <ClInclude Include="VBOPlaceType.h">
      <Filter>render PM</Filter>
    </ClInclude>
    <ClInclude Include="VBOBlock.h">
      <Filter>render PM\Geometry</Filter>
    </ClInclude>
    <ClInclude Include="VBOBuilding.h">
      <Filter>render PM\Geometry</Filter>
    </ClInclude>
    <ClInclude Include="VBOParcel.h">
      <Filter>render PM\Geometry</Filter>
    </ClInclude>
    <ClInclude Include="VBOPm.h">
      <Filter>render PM\PM</Filter>
    </ClInclude>
    <ClInclude Include="VBOPmBlocks.h">
      <Filter>render PM\PM</Filter>
    </ClInclude>
    <ClInclude Include="VBOPmBuildings.h">
      <Filter>render PM\PM</Filter>
    </ClInclude>
    <ClInclude Include="VBOPmParcels.h">
      <Filter>render PM\PM</Filter>
    </ClInclude>
    <ClInclude Include="common.h">
      <Filter>Files</Filter>
    </ClInclude>
    <ClInclude Include="VBORoadGraph.h">
      <Filter>render</Filter>
    </ClInclude>
    <ClInclude Include="ExFeature.h">
      <Filter>road generator</Filter>
    </ClInclude>
    <ClInclude Include="IntRoadGenerator.h">
      <Filter>road generator</Filter>
    </ClInclude>
    <ClInclude Include="MultiExRoadGenerator.h">
      <Filter>road generator</Filter>
    </ClInclude>
    <ClInclude Include="MultiIntExRoadGenerator.h">
      <Filter>road generator</Filter>
    </ClInclude>
    <ClInclude Include="SmoothWarpRoadGenerator.h">
      <Filter>road generator</Filter>
    </ClInclude>
    <ClInclude Include="VerySmoothWarpRoadGenerator.h">
      <Filter>road generator</Filter>
    </ClInclude>
    <ClInclude Include="WarpRoadGenerator.h">
      <Filter>road generator</Filter>
    </ClInclude>
    <ClInclude Include="ConvexHull.h">
      <Filter>Files</Filter>
    </ClInclude>
    <ClInclude Include="TopNSearch.h">
      <Filter>Files</Filter>
    </ClInclude>
    <ClInclude Include="TensorField.h">
      <Filter>Files</Filter>
    </ClInclude>
    <ClInclude Include="RoadGeneratorHelper.h">
      <Filter>road generator</Filter>
    </ClInclude>
  </ItemGroup>
  <ItemGroup>
    <None Include="..\data\shaders\lc_fragment_sk.glsl">
      <Filter>render</Filter>
    </None>
    <None Include="..\data\shaders\lc_vertex_sk.glsl">
      <Filter>render</Filter>
    </None>
  </ItemGroup>
</Project>